// !$*UTF8*$!
{
	archiveVersion = 1;
	classes = {
	};
	objectVersion = 46;
	objects = {

/* Begin PBXBuildFile section */
		CB596B471F344DFF0004839A /* AppDelegate.swift in Sources */ = {isa = PBXBuildFile; fileRef = CB596B461F344DFF0004839A /* AppDelegate.swift */; };
		CB596B491F344DFF0004839A /* ViewController.swift in Sources */ = {isa = PBXBuildFile; fileRef = CB596B481F344DFF0004839A /* ViewController.swift */; };
		CB596B4C1F344DFF0004839A /* Main.storyboard in Resources */ = {isa = PBXBuildFile; fileRef = CB596B4A1F344DFF0004839A /* Main.storyboard */; };
		CB596B4E1F344DFF0004839A /* Assets.xcassets in Resources */ = {isa = PBXBuildFile; fileRef = CB596B4D1F344DFF0004839A /* Assets.xcassets */; };
		CB596B511F344DFF0004839A /* LaunchScreen.storyboard in Resources */ = {isa = PBXBuildFile; fileRef = CB596B4F1F344DFF0004839A /* LaunchScreen.storyboard */; };
		CB596B591F3479C40004839A /* btn.png in Resources */ = {isa = PBXBuildFile; fileRef = CB596B581F3479C40004839A /* btn.png */; };
/* End PBXBuildFile section */

/* Begin PBXFileReference section */
		CB596B431F344DFF0004839A /* LabelDemo.app */ = {isa = PBXFileReference; explicitFileType = wrapper.application; includeInIndex = 0; path = LabelDemo.app; sourceTree = BUILT_PRODUCTS_DIR; };
		CB596B461F344DFF0004839A /* AppDelegate.swift */ = {isa = PBXFileReference; lastKnownFileType = sourcecode.swift; path = AppDelegate.swift; sourceTree = "<group>"; };
		CB596B481F344DFF0004839A /* ViewController.swift */ = {isa = PBXFileReference; lastKnownFileType = sourcecode.swift; path = ViewController.swift; sourceTree = "<group>"; };
		CB596B4B1F344DFF0004839A /* Base */ = {isa = PBXFileReference; lastKnownFileType = file.storyboard; name = Base; path = Base.lproj/Main.storyboard; sourceTree = "<group>"; };
		CB596B4D1F344DFF0004839A /* Assets.xcassets */ = {isa = PBXFileReference; lastKnownFileType = folder.assetcatalog; path = Assets.xcassets; sourceTree = "<group>"; };
		CB596B501F344DFF0004839A /* Base */ = {isa = PBXFileReference; lastKnownFileType = file.storyboard; name = Base; path = Base.lproj/LaunchScreen.storyboard; sourceTree = "<group>"; };
		CB596B521F344DFF0004839A /* Info.plist */ = {isa = PBXFileReference; lastKnownFileType = text.plist.xml; path = Info.plist; sourceTree = "<group>"; };
		CB596B581F3479C40004839A /* btn.png */ = {isa = PBXFileReference; lastKnownFileType = image.png; path = btn.png; sourceTree = "<group>"; };
/* End PBXFileReference section */

/* Begin PBXFrameworksBuildPhase section */
		CB596B401F344DFF0004839A /* Frameworks */ = {
			isa = PBXFrameworksBuildPhase;
			buildActionMask = 2147483647;
			files = (
			);
			runOnlyForDeploymentPostprocessing = 0;
		};
/* End PBXFrameworksBuildPhase section */

/* Begin PBXGroup section */
		CB596B3A1F344DFF0004839A = {
			isa = PBXGroup;
			children = (
				CB596B451F344DFF0004839A /* LabelDemo */,
				CB596B441F344DFF0004839A /* Products */,
			);
			sourceTree = "<group>";
		};
		CB596B441F344DFF0004839A /* Products */ = {
			isa = PBXGroup;
			children = (
				CB596B431F344DFF0004839A /* LabelDemo.app */,
			);
			name = Products;
			sourceTree = "<group>";
		};
		CB596B451F344DFF0004839A /* LabelDemo */ = {
			isa = PBXGroup;
			children = (
				CB596B461F344DFF0004839A /* AppDelegate.swift */,
				CB596B481F344DFF0004839A /* ViewController.swift */,
				CB596B581F3479C40004839A /* btn.png */,
				CB596B4A1F344DFF0004839A /* Main.storyboard */,
				CB596B4D1F344DFF0004839A /* Assets.xcassets */,
				CB596B4F1F344DFF0004839A /* LaunchScreen.storyboard */,
				CB596B521F344DFF0004839A /* Info.plist */,
			);
			path = LabelDemo;
			sourceTree = "<group>";
		};
/* End PBXGroup section */

/* Begin PBXNativeTarget section */
		CB596B421F344DFF0004839A /* LabelDemo */ = {
			isa = PBXNativeTarget;
			buildConfigurationList = CB596B551F344DFF0004839A /* Build configuration list for PBXNativeTarget "LabelDemo" */;
			buildPhases = (
				CB596B3F1F344DFF0004839A /* Sources */,
				CB596B401F344DFF0004839A /* Frameworks */,
				CB596B411F344DFF0004839A /* Resources */,
			);
			buildRules = (
			);
			dependencies = (
			);
			name = LabelDemo;
			productName = LabelDemo;
			productReference = CB596B431F344DFF0004839A /* LabelDemo.app */;
			productType = "com.apple.product-type.application";
		};
/* End PBXNativeTarget section */

/* Begin PBXProject section */
		CB596B3B1F344DFF0004839A /* Project object */ = {
			isa = PBXProject;
			attributes = {
				LastSwiftUpdateCheck = 0830;
				LastUpgradeCheck = 0830;
				ORGANIZATIONNAME = jixiang;
				TargetAttributes = {
					CB596B421F344DFF0004839A = {
						CreatedOnToolsVersion = 8.3.3;
						ProvisioningStyle = Automatic;
					};
				};
			};
			buildConfigurationList = CB596B3E1F344DFF0004839A /* Build configuration list for PBXProject "LabelDemo" */;
			compatibilityVersion = "Xcode 3.2";
			developmentRegion = English;
			hasScannedForEncodings = 0;
			knownRegions = (
				en,
				Base,
			);
			mainGroup = CB596B3A1F344DFF0004839A;
			productRefGroup = CB596B441F344DFF0004839A /* Products */;
			projectDirPath = "";
			projectRoot = "";
			targets = (
				CB596B421F344DFF0004839A /* LabelDemo */,
			);
		};
/* End PBXProject section */

/* Begin PBXResourcesBuildPhase section */
		CB596B411F344DFF0004839A /* Resources */ = {
			isa = PBXResourcesBuildPhase;
			buildActionMask = 2147483647;
			files = (
				CB596B511F344DFF0004839A /* LaunchScreen.storyboard in Resources */,
				CB596B4E1F344DFF0004839A /* Assets.xcassets in Resources */,
				CB596B591F3479C40004839A /* btn.png in Resources */,
				CB596B4C1F344DFF0004839A /* Main.storyboard in Resources */,
			);
			runOnlyForDeploymentPostprocessing = 0;
		};
/* End PBXResourcesBuildPhase section */

/* Begin PBXSourcesBuildPhase section */
		CB596B3F1F344DFF0004839A /* Sources */ = {
			isa = PBXSourcesBuildPhase;
			buildActionMask = 2147483647;
			files = (
				CB596B491F344DFF0004839A /* ViewController.swift in Sources */,
				CB596B471F344DFF0004839A /* AppDelegate.swift in Sources */,
			);
			runOnlyForDeploymentPostprocessing = 0;
		};
/* End PBXSourcesBuildPhase section */

/* Begin PBXVariantGroup section */
		CB596B4A1F344DFF0004839A /* Main.storyboard */ = {
			isa = PBXVariantGroup;
			children = (
				CB596B4B1F344DFF0004839A /* Base */,
			);
			name = Main.storyboard;
			sourceTree = "<group>";
		};
		CB596B4F1F344DFF0004839A /* LaunchScreen.storyboard */ = {
			isa = PBXVariantGroup;
			children = (
				CB596B501F344DFF0004839A /* Base */,
			);
			name = LaunchScreen.storyboard;
			sourceTree = "<group>";
		};
/* End PBXVariantGroup section */

/* Begin XCBuildConfiguration section */
		CB596B531F344DFF0004839A /* Debug */ = {
			isa = XCBuildConfiguration;
			buildSettings = {
				ALWAYS_SEARCH_USER_PATHS = NO;
				CLANG_ANALYZER_NONNULL = YES;
				CLANG_ANALYZER_NUMBER_OBJECT_CONVERSION = YES_AGGRESSIVE;
				CLANG_CXX_LANGUAGE_STANDARD = "gnu++0x";
				CLANG_CXX_LIBRARY = "libc++";
				CLANG_ENABLE_MODULES = YES;
				CLANG_ENABLE_OBJC_ARC = YES;
				CLANG_WARN_BOOL_CONVERSION = YES;
				CLANG_WARN_CONSTANT_CONVERSION = YES;
				CLANG_WARN_DIRECT_OBJC_ISA_USAGE = YES_ERROR;
				CLANG_WARN_DOCUMENTATION_COMMENTS = YES;
				CLANG_WARN_EMPTY_BODY = YES;
				CLANG_WARN_ENUM_CONVERSION = YES;
				CLANG_WARN_INFINITE_RECURSION = YES;
				CLANG_WARN_INT_CONVERSION = YES;
				CLANG_WARN_OBJC_ROOT_CLASS = YES_ERROR;
				CLANG_WARN_SUSPICIOUS_MOVE = YES;
				CLANG_WARN_UNREACHABLE_CODE = YES;
				CLANG_WARN__DUPLICATE_METHOD_MATCH = YES;
				"CODE_SIGN_IDENTITY[sdk=iphoneos*]" = "iPhone Developer";
				COPY_PHASE_STRIP = NO;
				DEBUG_INFORMATION_FORMAT = dwarf;
				ENABLE_STRICT_OBJC_MSGSEND = YES;
				ENABLE_TESTABILITY = YES;
				GCC_C_LANGUAGE_STANDARD = gnu99;
				GCC_DYNAMIC_NO_PIC = NO;
				GCC_NO_COMMON_BLOCKS = YES;
				GCC_OPTIMIZATION_LEVEL = 0;
				GCC_PREPROCESSOR_DEFINITIONS = (
					"DEBUG=1",
					"$(inherited)",
				);
				GCC_WARN_64_TO_32_BIT_CONVERSION = YES;
				GCC_WARN_ABOUT_RETURN_TYPE = YES_ERROR;
				GCC_WARN_UNDECLARED_SELECTOR = YES;
				GCC_WARN_UNINITIALIZED_AUTOS = YES_AGGRESSIVE;
				GCC_WARN_UNUSED_FUNCTION = YES;
				GCC_WARN_UNUSED_VARIABLE = YES;
				IPHONEOS_DEPLOYMENT_TARGET = 10.3;
				MTL_ENABLE_DEBUG_INFO = YES;
				ONLY_ACTIVE_ARCH = YES;
				SDKROOT = iphoneos;
				SWIFT_ACTIVE_COMPILATION_CONDITIONS = DEBUG;
				SWIFT_OPTIMIZATION_LEVEL = "-Onone";
				TARGETED_DEVICE_FAMILY = "1,2";
			};
			name = Debug;
		};
		CB596B541F344DFF0004839A /* Release */ = {
			isa = XCBuildConfiguration;
			buildSettings = {
				ALWAYS_SEARCH_USER_PATHS = NO;
				CLANG_ANALYZER_NONNULL = YES;
				CLANG_ANALYZER_NUMBER_OBJECT_CONVERSION = YES_AGGRESSIVE;
				CLANG_CXX_LANGUAGE_STANDARD = "gnu++0x";
				CLANG_CXX_LIBRARY = "libc++";
				CLANG_ENABLE_MODULES = YES;
				CLANG_ENABLE_OBJC_ARC = YES;
				CLANG_WARN_BOOL_CONVERSION = YES;
				CLANG_WARN_CONSTANT_CONVERSION = YES;
				CLANG_WARN_DIRECT_OBJC_ISA_USAGE = YES_ERROR;
				CLANG_WARN_DOCUMENTATION_COMMENTS = YES;
				CLANG_WARN_EMPTY_BODY = YES;
				CLANG_WARN_ENUM_CONVERSION = YES;
				CLANG_WARN_INFINITE_RECURSION = YES;
				CLANG_WARN_INT_CONVERSION = YES;
				CLANG_WARN_OBJC_ROOT_CLASS = YES_ERROR;
				CLANG_WARN_SUSPICIOUS_MOVE = YES;
				CLANG_WARN_UNREACHABLE_CODE = YES;
				CLANG_WARN__DUPLICATE_METHOD_MATCH = YES;
				"CODE_SIGN_IDENTITY[sdk=iphoneos*]" = "iPhone Developer";
				COPY_PHASE_STRIP = NO;
				DEBUG_INFORMATION_FORMAT = "dwarf-with-dsym";
				ENABLE_NS_ASSERTIONS = NO;
				ENABLE_STRICT_OBJC_MSGSEND = YES;
				GCC_C_LANGUAGE_STANDARD = gnu99;
				GCC_NO_COMMON_BLOCKS = YES;
				GCC_WARN_64_TO_32_BIT_CONVERSION = YES;
				GCC_WARN_ABOUT_RETURN_TYPE = YES_ERROR;
				GCC_WARN_UNDECLARED_SELECTOR = YES;
				GCC_WARN_UNINITIALIZED_AUTOS = YES_AGGRESSIVE;
				GCC_WARN_UNUSED_FUNCTION = YES;
				GCC_WARN_UNUSED_VARIABLE = YES;
				IPHONEOS_DEPLOYMENT_TARGET = 10.3;
				MTL_ENABLE_DEBUG_INFO = NO;
				SDKROOT = iphoneos;
				SWIFT_OPTIMIZATION_LEVEL = "-Owholemodule";
				TARGETED_DEVICE_FAMILY = "1,2";
				VALIDATE_PRODUCT = YES;
			};
			name = Release;
		};
		CB596B561F344DFF0004839A /* Debug */ = {
			isa = XCBuildConfiguration;
			buildSettings = {
				ASSETCATALOG_COMPILER_APPICON_NAME = AppIcon;
				INFOPLIST_FILE = LabelDemo/Info.plist;
				LD_RUNPATH_SEARCH_PATHS = "$(inherited) @executable_path/Frameworks";
				PRODUCT_BUNDLE_IDENTIFIER = com.jixinagruyi.LabelDemo;
				PRODUCT_NAME = "$(TARGET_NAME)";
				SWIFT_VERSION = 3.0;
			};
			name = Debug;
		};
		CB596B571F344DFF0004839A /* Release */ = {
			isa = XCBuildConfiguration;
			buildSettings = {
				ASSETCATALOG_COMPILER_APPICON_NAME = AppIcon;
				INFOPLIST_FILE = LabelDemo/Info.plist;
				LD_RUNPATH_SEARCH_PATHS = "$(inherited) @executable_path/Frameworks";
				PRODUCT_BUNDLE_IDENTIFIER = com.jixinagruyi.LabelDemo;
				PRODUCT_NAME = "$(TARGET_NAME)";
				SWIFT_VERSION = 3.0;
			};
			name = Release;
		};
/* End XCBuildConfiguration section */

/* Begin XCConfigurationList section */
		CB596B3E1F344DFF0004839A /* Build configuration list for PBXProject "LabelDemo" */ = {
			isa = XCConfigurationList;
			buildConfigurations = (
				CB596B531F344DFF0004839A /* Debug */,
				CB596B541F344DFF0004839A /* Release */,
			);
			defaultConfigurationIsVisible = 0;
			defaultConfigurationName = Release;
		};
		CB596B551F344DFF0004839A /* Build configuration list for PBXNativeTarget "LabelDemo" */ = {
			isa = XCConfigurationList;
			buildConfigurations = (
				CB596B561F344DFF0004839A /* Debug */,
				CB596B571F344DFF0004839A /* Release */,
			);
			defaultConfigurationIsVisible = 0;
		};
/* End XCConfigurationList section */
	};
	rootObject = CB596B3B1F344DFF0004839A /* Project object */;
}
